
Microsoft Visual Studio Solution File, Format Version 12.00
# Visual Studio 15
VisualStudioVersion = 15.0.28307.168
MinimumVisualStudioVersion = 10.0.40219.1
Project("{9A19103F-16F7-4668-BE54-9A1E7A4F7556}") = "Iterator", "Iterator\Iterator.csproj", "{09335148-70A4-406B-9417-54EF2DF377F4}"
EndProject
Project("{9A19103F-16F7-4668-BE54-9A1E7A4F7556}") = "Adapter", "Adapter\Adapter.csproj", "{636F4F35-07A4-45E0-82E3-C9FABB0CEC31}"
EndProject
Project("{FAE04EC0-301F-11D3-BF4B-00C04F79EFBC}") = "TemplateMethod", "TemplateMethod\TemplateMethod.csproj", "{212A227B-CEBC-40D6-B3CD-42606BDC0C15}"
EndProject
Global
	GlobalSection(SolutionConfigurationPlatforms) = preSolution
		Debug|Any CPU = Debug|Any CPU
		Release|Any CPU = Release|Any CPU
	EndGlobalSection
	GlobalSection(ProjectConfigurationPlatforms) = postSolution
		{09335148-70A4-406B-9417-54EF2DF377F4}.Debug|Any CPU.ActiveCfg = Debug|Any CPU
		{09335148-70A4-406B-9417-54EF2DF377F4}.Debug|Any CPU.Build.0 = Debug|Any CPU
		{09335148-70A4-406B-9417-54EF2DF377F4}.Release|Any CPU.ActiveCfg = Release|Any CPU
		{09335148-70A4-406B-9417-54EF2DF377F4}.Release|Any CPU.Build.0 = Release|Any CPU
		{636F4F35-07A4-45E0-82E3-C9FABB0CEC31}.Debug|Any CPU.ActiveCfg = Debug|Any CPU
		{636F4F35-07A4-45E0-82E3-C9FABB0CEC31}.Debug|Any CPU.Build.0 = Debug|Any CPU
		{636F4F35-07A4-45E0-82E3-C9FABB0CEC31}.Release|Any CPU.ActiveCfg = Release|Any CPU
		{636F4F35-07A4-45E0-82E3-C9FABB0CEC31}.Release|Any CPU.Build.0 = Release|Any CPU
		{212A227B-CEBC-40D6-B3CD-42606BDC0C15}.Debug|Any CPU.ActiveCfg = Debug|Any CPU
		{212A227B-CEBC-40D6-B3CD-42606BDC0C15}.Debug|Any CPU.Build.0 = Debug|Any CPU
		{212A227B-CEBC-40D6-B3CD-42606BDC0C15}.Release|Any CPU.ActiveCfg = Release|Any CPU
		{212A227B-CEBC-40D6-B3CD-42606BDC0C15}.Release|Any CPU.Build.0 = Release|Any CPU
	EndGlobalSection
	GlobalSection(SolutionProperties) = preSolution
		HideSolutionNode = FALSE
	EndGlobalSection
	GlobalSection(ExtensibilityGlobals) = postSolution
		SolutionGuid = {665F60B7-DC8C-4507-BD5D-0131CF2F30B7}
	EndGlobalSection
EndGlobal
